
Microsoft Visual Studio Solution File, Format Version 12.00
# Visual Studio Version 17
VisualStudioVersion = 17.4.33213.308
MinimumVisualStudioVersion = 10.0.40219.1
Project("{FAE04EC0-301F-11D3-BF4B-00C04F79EFBC}") = "AppBibliotecaBitwise3", "AppBibliotecaBitwise3\AppBibliotecaBitwise3.csproj", "{7E2DDCAE-A747-406B-907C-BBDAA8168B59}"
EndProject
Global
	GlobalSection(SolutionConfigurationPlatforms) = preSolution
		Debug|Any CPU = Debug|Any CPU
		Release|Any CPU = Release|Any CPU
	EndGlobalSection
	GlobalSection(ProjectConfigurationPlatforms) = postSolution
		{7E2DDCAE-A747-406B-907C-BBDAA8168B59}.Debug|Any CPU.ActiveCfg = Debug|Any CPU
		{7E2DDCAE-A747-406B-907C-BBDAA8168B59}.Debug|Any CPU.Build.0 = Debug|Any CPU
		{7E2DDCAE-A747-406B-907C-BBDAA8168B59}.Release|Any CPU.ActiveCfg = Release|Any CPU
		{7E2DDCAE-A747-406B-907C-BBDAA8168B59}.Release|Any CPU.Build.0 = Release|Any CPU
	EndGlobalSection
	GlobalSection(SolutionProperties) = preSolution
		HideSolutionNode = FALSE
	EndGlobalSection
	GlobalSection(ExtensibilityGlobals) = postSolution
		SolutionGuid = {FFF4E725-A436-46AB-97EA-ECAEAF07DA1D}
	EndGlobalSection
EndGlobal
