
Microsoft Visual Studio Solution File, Format Version 12.00
# Visual Studio Version 17
VisualStudioVersion = 17.4.33213.308
MinimumVisualStudioVersion = 10.0.40219.1
Project("{FAE04EC0-301F-11D3-BF4B-00C04F79EFBC}") = "WcfService3 Bitwise", "WcfService3 Bitwise\WcfService3 Bitwise.csproj", "{88DE0A76-26B1-4000-B71D-75B25B86FD87}"
EndProject
Global
	GlobalSection(SolutionConfigurationPlatforms) = preSolution
		Debug|Any CPU = Debug|Any CPU
		Release|Any CPU = Release|Any CPU
	EndGlobalSection
	GlobalSection(ProjectConfigurationPlatforms) = postSolution
		{88DE0A76-26B1-4000-B71D-75B25B86FD87}.Debug|Any CPU.ActiveCfg = Debug|Any CPU
		{88DE0A76-26B1-4000-B71D-75B25B86FD87}.Debug|Any CPU.Build.0 = Debug|Any CPU
		{88DE0A76-26B1-4000-B71D-75B25B86FD87}.Release|Any CPU.ActiveCfg = Release|Any CPU
		{88DE0A76-26B1-4000-B71D-75B25B86FD87}.Release|Any CPU.Build.0 = Release|Any CPU
	EndGlobalSection
	GlobalSection(SolutionProperties) = preSolution
		HideSolutionNode = FALSE
	EndGlobalSection
	GlobalSection(ExtensibilityGlobals) = postSolution
		SolutionGuid = {78853418-325E-45FF-9631-409314EE0F28}
	EndGlobalSection
EndGlobal
