
Microsoft Visual Studio Solution File, Format Version 12.00
# Visual Studio Version 17
VisualStudioVersion = 17.4.33213.308
MinimumVisualStudioVersion = 10.0.40219.1
Project("{FAE04EC0-301F-11D3-BF4B-00C04F79EFBC}") = "Bitwise 9 EntityFramework", "Bitwise 9 EntityFramework\Bitwise 9 EntityFramework.csproj", "{A29EE4EB-5590-4D74-BE65-2690A97497CA}"
EndProject
Global
	GlobalSection(SolutionConfigurationPlatforms) = preSolution
		Debug|Any CPU = Debug|Any CPU
		Release|Any CPU = Release|Any CPU
	EndGlobalSection
	GlobalSection(ProjectConfigurationPlatforms) = postSolution
		{A29EE4EB-5590-4D74-BE65-2690A97497CA}.Debug|Any CPU.ActiveCfg = Debug|Any CPU
		{A29EE4EB-5590-4D74-BE65-2690A97497CA}.Debug|Any CPU.Build.0 = Debug|Any CPU
		{A29EE4EB-5590-4D74-BE65-2690A97497CA}.Release|Any CPU.ActiveCfg = Release|Any CPU
		{A29EE4EB-5590-4D74-BE65-2690A97497CA}.Release|Any CPU.Build.0 = Release|Any CPU
	EndGlobalSection
	GlobalSection(SolutionProperties) = preSolution
		HideSolutionNode = FALSE
	EndGlobalSection
	GlobalSection(ExtensibilityGlobals) = postSolution
		SolutionGuid = {1D540ADF-263A-4857-BBB7-F730DE2689D0}
	EndGlobalSection
EndGlobal
