
Microsoft Visual Studio Solution File, Format Version 12.00
# Visual Studio Version 17
VisualStudioVersion = 17.4.33213.308
MinimumVisualStudioVersion = 10.0.40219.1
Project("{FAE04EC0-301F-11D3-BF4B-00C04F79EFBC}") = "WcfService2 Bitwise", "WcfService2 Bitwise\WcfService2 Bitwise.csproj", "{FE9BC321-AE9E-43FA-880E-5944BBA52004}"
EndProject
Global
	GlobalSection(SolutionConfigurationPlatforms) = preSolution
		Debug|Any CPU = Debug|Any CPU
		Release|Any CPU = Release|Any CPU
	EndGlobalSection
	GlobalSection(ProjectConfigurationPlatforms) = postSolution
		{FE9BC321-AE9E-43FA-880E-5944BBA52004}.Debug|Any CPU.ActiveCfg = Debug|Any CPU
		{FE9BC321-AE9E-43FA-880E-5944BBA52004}.Debug|Any CPU.Build.0 = Debug|Any CPU
		{FE9BC321-AE9E-43FA-880E-5944BBA52004}.Release|Any CPU.ActiveCfg = Release|Any CPU
		{FE9BC321-AE9E-43FA-880E-5944BBA52004}.Release|Any CPU.Build.0 = Release|Any CPU
	EndGlobalSection
	GlobalSection(SolutionProperties) = preSolution
		HideSolutionNode = FALSE
	EndGlobalSection
	GlobalSection(ExtensibilityGlobals) = postSolution
		SolutionGuid = {94D1950D-C672-4017-B6CF-54984ED0E929}
	EndGlobalSection
EndGlobal
