
Microsoft Visual Studio Solution File, Format Version 12.00
# Visual Studio Version 17
VisualStudioVersion = 17.4.33213.308
MinimumVisualStudioVersion = 10.0.40219.1
Project("{FAE04EC0-301F-11D3-BF4B-00C04F79EFBC}") = "Bitwise 3 CRUD", "Bitwise 3 CRUD\Bitwise 3 CRUD.csproj", "{67857DEE-F71C-405A-8CFC-E114A8349808}"
EndProject
Global
	GlobalSection(SolutionConfigurationPlatforms) = preSolution
		Debug|Any CPU = Debug|Any CPU
		Release|Any CPU = Release|Any CPU
	EndGlobalSection
	GlobalSection(ProjectConfigurationPlatforms) = postSolution
		{67857DEE-F71C-405A-8CFC-E114A8349808}.Debug|Any CPU.ActiveCfg = Debug|Any CPU
		{67857DEE-F71C-405A-8CFC-E114A8349808}.Debug|Any CPU.Build.0 = Debug|Any CPU
		{67857DEE-F71C-405A-8CFC-E114A8349808}.Release|Any CPU.ActiveCfg = Release|Any CPU
		{67857DEE-F71C-405A-8CFC-E114A8349808}.Release|Any CPU.Build.0 = Release|Any CPU
	EndGlobalSection
	GlobalSection(SolutionProperties) = preSolution
		HideSolutionNode = FALSE
	EndGlobalSection
	GlobalSection(ExtensibilityGlobals) = postSolution
		SolutionGuid = {8F786118-7975-4D85-9340-B67F3124709D}
	EndGlobalSection
EndGlobal
