
Microsoft Visual Studio Solution File, Format Version 12.00
# Visual Studio Version 17
VisualStudioVersion = 17.4.33213.308
MinimumVisualStudioVersion = 10.0.40219.1
Project("{FAE04EC0-301F-11D3-BF4B-00C04F79EFBC}") = "AppBibliotecaBitwise4", "AppBibliotecaBitwise4\AppBibliotecaBitwise4.csproj", "{6CADB6E3-5A01-4D74-BCC5-1BAF68DD39E8}"
EndProject
Global
	GlobalSection(SolutionConfigurationPlatforms) = preSolution
		Debug|Any CPU = Debug|Any CPU
		Release|Any CPU = Release|Any CPU
	EndGlobalSection
	GlobalSection(ProjectConfigurationPlatforms) = postSolution
		{6CADB6E3-5A01-4D74-BCC5-1BAF68DD39E8}.Debug|Any CPU.ActiveCfg = Debug|Any CPU
		{6CADB6E3-5A01-4D74-BCC5-1BAF68DD39E8}.Debug|Any CPU.Build.0 = Debug|Any CPU
		{6CADB6E3-5A01-4D74-BCC5-1BAF68DD39E8}.Release|Any CPU.ActiveCfg = Release|Any CPU
		{6CADB6E3-5A01-4D74-BCC5-1BAF68DD39E8}.Release|Any CPU.Build.0 = Release|Any CPU
	EndGlobalSection
	GlobalSection(SolutionProperties) = preSolution
		HideSolutionNode = FALSE
	EndGlobalSection
	GlobalSection(ExtensibilityGlobals) = postSolution
		SolutionGuid = {80E881D7-F626-465A-97F6-69C6C45314C0}
	EndGlobalSection
EndGlobal
