
Microsoft Visual Studio Solution File, Format Version 12.00
# Visual Studio Version 17
VisualStudioVersion = 17.4.33213.308
MinimumVisualStudioVersion = 10.0.40219.1
Project("{FAE04EC0-301F-11D3-BF4B-00C04F79EFBC}") = "BibliotecaAPIBitwise2", "BibliotecaAPIBitwise2\BibliotecaAPIBitwise2.csproj", "{A940EB9C-6065-49EB-A59B-23DBE29B5A08}"
EndProject
Global
	GlobalSection(SolutionConfigurationPlatforms) = preSolution
		Debug|Any CPU = Debug|Any CPU
		Release|Any CPU = Release|Any CPU
	EndGlobalSection
	GlobalSection(ProjectConfigurationPlatforms) = postSolution
		{A940EB9C-6065-49EB-A59B-23DBE29B5A08}.Debug|Any CPU.ActiveCfg = Debug|Any CPU
		{A940EB9C-6065-49EB-A59B-23DBE29B5A08}.Debug|Any CPU.Build.0 = Debug|Any CPU
		{A940EB9C-6065-49EB-A59B-23DBE29B5A08}.Release|Any CPU.ActiveCfg = Release|Any CPU
		{A940EB9C-6065-49EB-A59B-23DBE29B5A08}.Release|Any CPU.Build.0 = Release|Any CPU
	EndGlobalSection
	GlobalSection(SolutionProperties) = preSolution
		HideSolutionNode = FALSE
	EndGlobalSection
	GlobalSection(ExtensibilityGlobals) = postSolution
		SolutionGuid = {85EBF717-AA56-4193-A3DC-66634D166BD9}
	EndGlobalSection
EndGlobal
