
Microsoft Visual Studio Solution File, Format Version 12.00
# Visual Studio Version 17
VisualStudioVersion = 17.4.33213.308
MinimumVisualStudioVersion = 10.0.40219.1
Project("{FAE04EC0-301F-11D3-BF4B-00C04F79EFBC}") = "RoomReservationApp2", "RoomReservationApp2\RoomReservationApp2.csproj", "{1A8E1EC8-EF67-47AB-999E-FEC748E6A061}"
EndProject
Global
	GlobalSection(SolutionConfigurationPlatforms) = preSolution
		Debug|Any CPU = Debug|Any CPU
		Release|Any CPU = Release|Any CPU
	EndGlobalSection
	GlobalSection(ProjectConfigurationPlatforms) = postSolution
		{1A8E1EC8-EF67-47AB-999E-FEC748E6A061}.Debug|Any CPU.ActiveCfg = Debug|Any CPU
		{1A8E1EC8-EF67-47AB-999E-FEC748E6A061}.Debug|Any CPU.Build.0 = Debug|Any CPU
		{1A8E1EC8-EF67-47AB-999E-FEC748E6A061}.Release|Any CPU.ActiveCfg = Release|Any CPU
		{1A8E1EC8-EF67-47AB-999E-FEC748E6A061}.Release|Any CPU.Build.0 = Release|Any CPU
	EndGlobalSection
	GlobalSection(SolutionProperties) = preSolution
		HideSolutionNode = FALSE
	EndGlobalSection
	GlobalSection(ExtensibilityGlobals) = postSolution
		SolutionGuid = {F0BEA64E-0FF9-40D3-8872-40EC71825AE0}
	EndGlobalSection
EndGlobal
