
Microsoft Visual Studio Solution File, Format Version 12.00
# Visual Studio Version 17
VisualStudioVersion = 17.4.33213.308
MinimumVisualStudioVersion = 10.0.40219.1
Project("{FAE04EC0-301F-11D3-BF4B-00C04F79EFBC}") = "BibliotecaAPIBitwise1", "BibliotecaAPIBitwise1\BibliotecaAPIBitwise1.csproj", "{2E415E14-9702-456C-AB3F-2BB2E449B388}"
EndProject
Global
	GlobalSection(SolutionConfigurationPlatforms) = preSolution
		Debug|Any CPU = Debug|Any CPU
		Release|Any CPU = Release|Any CPU
	EndGlobalSection
	GlobalSection(ProjectConfigurationPlatforms) = postSolution
		{2E415E14-9702-456C-AB3F-2BB2E449B388}.Debug|Any CPU.ActiveCfg = Debug|Any CPU
		{2E415E14-9702-456C-AB3F-2BB2E449B388}.Debug|Any CPU.Build.0 = Debug|Any CPU
		{2E415E14-9702-456C-AB3F-2BB2E449B388}.Release|Any CPU.ActiveCfg = Release|Any CPU
		{2E415E14-9702-456C-AB3F-2BB2E449B388}.Release|Any CPU.Build.0 = Release|Any CPU
	EndGlobalSection
	GlobalSection(SolutionProperties) = preSolution
		HideSolutionNode = FALSE
	EndGlobalSection
	GlobalSection(ExtensibilityGlobals) = postSolution
		SolutionGuid = {611BD64C-429D-4390-BABA-2BD2CADC94C3}
	EndGlobalSection
EndGlobal
