
Microsoft Visual Studio Solution File, Format Version 12.00
# Visual Studio Version 17
VisualStudioVersion = 17.6.33801.468
MinimumVisualStudioVersion = 10.0.40219.1
Project("{FAE04EC0-301F-11D3-BF4B-00C04F79EFBC}") = "BitwiseAlumnosJulio", "BitwiseAlumnosJulio\BitwiseAlumnosJulio.csproj", "{40716F79-42DA-43AB-8971-A163EF7C9B9C}"
EndProject
Global
	GlobalSection(SolutionConfigurationPlatforms) = preSolution
		Debug|Any CPU = Debug|Any CPU
		Release|Any CPU = Release|Any CPU
	EndGlobalSection
	GlobalSection(ProjectConfigurationPlatforms) = postSolution
		{40716F79-42DA-43AB-8971-A163EF7C9B9C}.Debug|Any CPU.ActiveCfg = Debug|Any CPU
		{40716F79-42DA-43AB-8971-A163EF7C9B9C}.Debug|Any CPU.Build.0 = Debug|Any CPU
		{40716F79-42DA-43AB-8971-A163EF7C9B9C}.Release|Any CPU.ActiveCfg = Release|Any CPU
		{40716F79-42DA-43AB-8971-A163EF7C9B9C}.Release|Any CPU.Build.0 = Release|Any CPU
	EndGlobalSection
	GlobalSection(SolutionProperties) = preSolution
		HideSolutionNode = FALSE
	EndGlobalSection
	GlobalSection(ExtensibilityGlobals) = postSolution
		SolutionGuid = {4241AE25-D60A-4716-877E-DE37D8C4897F}
	EndGlobalSection
EndGlobal
